// !$*UTF8*$!
{
	archiveVersion = 1;
	classes = {
	};
	objectVersion = 46;
	objects = {

/* Begin PBXBuildFile section */
		3BC1E4491AEC98EC0053F87F /* GLUT.framework in Frameworks */ = {isa = PBXBuildFile; fileRef = 3BC1E4481AEC98EC0053F87F /* GLUT.framework */; };
		3BC1E44B1AEC98EC0053F87F /* OpenGL.framework in Frameworks */ = {isa = PBXBuildFile; fileRef = 3BC1E44A1AEC98EC0053F87F /* OpenGL.framework */; };
		3BC1E44E1AEC98EC0053F87F /* main.cpp in Sources */ = {isa = PBXBuildFile; fileRef = 3BC1E44D1AEC98EC0053F87F /* main.cpp */; };
/* End PBXBuildFile section */

/* Begin PBXCopyFilesBuildPhase section */
		3BC1E4431AEC98EC0053F87F /* CopyFiles */ = {
			isa = PBXCopyFilesBuildPhase;
			buildActionMask = 2147483647;
			dstPath = /usr/share/man/man1/;
			dstSubfolderSpec = 0;
			files = (
			);
			runOnlyForDeploymentPostprocessing = 1;
		};
/* End PBXCopyFilesBuildPhase section */

/* Begin PBXFileReference section */
		3BC1E4451AEC98EC0053F87F /* Chap2_2_11 */ = {isa = PBXFileReference; explicitFileType = "compiled.mach-o.executable"; includeInIndex = 0; path = Chap2_2_11; sourceTree = BUILT_PRODUCTS_DIR; };
		3BC1E4481AEC98EC0053F87F /* GLUT.framework */ = {isa = PBXFileReference; lastKnownFileType = wrapper.framework; name = GLUT.framework; path = System/Library/Frameworks/GLUT.framework; sourceTree = SDKROOT; };
		3BC1E44A1AEC98EC0053F87F /* OpenGL.framework */ = {isa = PBXFileReference; lastKnownFileType = wrapper.framework; name = OpenGL.framework; path = System/Library/Frameworks/OpenGL.framework; sourceTree = SDKROOT; };
		3BC1E44D1AEC98EC0053F87F /* main.cpp */ = {isa = PBXFileReference; lastKnownFileType = sourcecode.cpp.cpp; path = main.cpp; sourceTree = "<group>"; };
/* End PBXFileReference section */

/* Begin PBXFrameworksBuildPhase section */
		3BC1E4421AEC98EC0053F87F /* Frameworks */ = {
			isa = PBXFrameworksBuildPhase;
			buildActionMask = 2147483647;
			files = (
				3BC1E4491AEC98EC0053F87F /* GLUT.framework in Frameworks */,
				3BC1E44B1AEC98EC0053F87F /* OpenGL.framework in Frameworks */,
			);
			runOnlyForDeploymentPostprocessing = 0;
		};
/* End PBXFrameworksBuildPhase section */

/* Begin PBXGroup section */
		3BC1E43C1AEC98EC0053F87F = {
			isa = PBXGroup;
			children = (
				3BC1E44C1AEC98EC0053F87F /* Chap2_2_11 */,
				3BC1E4471AEC98EC0053F87F /* Frameworks */,
				3BC1E4461AEC98EC0053F87F /* Products */,
			);
			sourceTree = "<group>";
		};
		3BC1E4461AEC98EC0053F87F /* Products */ = {
			isa = PBXGroup;
			children = (
				3BC1E4451AEC98EC0053F87F /* Chap2_2_11 */,
			);
			name = Products;
			sourceTree = "<group>";
		};
		3BC1E4471AEC98EC0053F87F /* Frameworks */ = {
			isa = PBXGroup;
			children = (
				3BC1E4481AEC98EC0053F87F /* GLUT.framework */,
				3BC1E44A1AEC98EC0053F87F /* OpenGL.framework */,
			);
			name = Frameworks;
			sourceTree = "<group>";
		};
		3BC1E44C1AEC98EC0053F87F /* Chap2_2_11 */ = {
			isa = PBXGroup;
			children = (
				3BC1E44D1AEC98EC0053F87F /* main.cpp */,
			);
			path = Chap2_2_11;
			sourceTree = "<group>";
		};
/* End PBXGroup section */

/* Begin PBXNativeTarget section */
		3BC1E4441AEC98EC0053F87F /* Chap2_2_11 */ = {
			isa = PBXNativeTarget;
			buildConfigurationList = 3BC1E4511AEC98EC0053F87F /* Build configuration list for PBXNativeTarget "Chap2_2_11" */;
			buildPhases = (
				3BC1E4411AEC98EC0053F87F /* Sources */,
				3BC1E4421AEC98EC0053F87F /* Frameworks */,
				3BC1E4431AEC98EC0053F87F /* CopyFiles */,
			);
			buildRules = (
			);
			dependencies = (
			);
			name = Chap2_2_11;
			productName = Chap2_2_11;
			productReference = 3BC1E4451AEC98EC0053F87F /* Chap2_2_11 */;
			productType = "com.apple.product-type.tool";
		};
/* End PBXNativeTarget section */

/* Begin PBXProject section */
		3BC1E43D1AEC98EC0053F87F /* Project object */ = {
			isa = PBXProject;
			attributes = {
				LastUpgradeCheck = 0630;
				ORGANIZATIONNAME = colin;
				TargetAttributes = {
					3BC1E4441AEC98EC0053F87F = {
						CreatedOnToolsVersion = 6.3.1;
					};
				};
			};
			buildConfigurationList = 3BC1E4401AEC98EC0053F87F /* Build configuration list for PBXProject "Chap2_2_11" */;
			compatibilityVersion = "Xcode 3.2";
			developmentRegion = English;
			hasScannedForEncodings = 0;
			knownRegions = (
				en,
			);
			mainGroup = 3BC1E43C1AEC98EC0053F87F;
			productRefGroup = 3BC1E4461AEC98EC0053F87F /* Products */;
			projectDirPath = "";
			projectRoot = "";
			targets = (
				3BC1E4441AEC98EC0053F87F /* Chap2_2_11 */,
			);
		};
/* End PBXProject section */

/* Begin PBXSourcesBuildPhase section */
		3BC1E4411AEC98EC0053F87F /* Sources */ = {
			isa = PBXSourcesBuildPhase;
			buildActionMask = 2147483647;
			files = (
				3BC1E44E1AEC98EC0053F87F /* main.cpp in Sources */,
			);
			runOnlyForDeploymentPostprocessing = 0;
		};
/* End PBXSourcesBuildPhase section */

/* Begin XCBuildConfiguration section */
		3BC1E44F1AEC98EC0053F87F /* Debug */ = {
			isa = XCBuildConfiguration;
			buildSettings = {
				ALWAYS_SEARCH_USER_PATHS = NO;
				CLANG_CXX_LANGUAGE_STANDARD = "gnu++0x";
				CLANG_CXX_LIBRARY = "libc++";
				CLANG_ENABLE_MODULES = YES;
				CLANG_ENABLE_OBJC_ARC = YES;
				CLANG_WARN_BOOL_CONVERSION = YES;
				CLANG_WARN_CONSTANT_CONVERSION = YES;
				CLANG_WARN_DIRECT_OBJC_ISA_USAGE = YES_ERROR;
				CLANG_WARN_EMPTY_BODY = YES;
				CLANG_WARN_ENUM_CONVERSION = YES;
				CLANG_WARN_INT_CONVERSION = YES;
				CLANG_WARN_OBJC_ROOT_CLASS = YES_ERROR;
				CLANG_WARN_UNREACHABLE_CODE = YES;
				CLANG_WARN__DUPLICATE_METHOD_MATCH = YES;
				COPY_PHASE_STRIP = NO;
				DEBUG_INFORMATION_FORMAT = dwarf;
				ENABLE_STRICT_OBJC_MSGSEND = YES;
				GCC_C_LANGUAGE_STANDARD = gnu99;
				GCC_DYNAMIC_NO_PIC = NO;
				GCC_NO_COMMON_BLOCKS = YES;
				GCC_OPTIMIZATION_LEVEL = 0;
				GCC_PREPROCESSOR_DEFINITIONS = (
					"DEBUG=1",
					"$(inherited)",
				);
				GCC_SYMBOLS_PRIVATE_EXTERN = NO;
				GCC_WARN_64_TO_32_BIT_CONVERSION = YES;
				GCC_WARN_ABOUT_RETURN_TYPE = YES_ERROR;
				GCC_WARN_UNDECLARED_SELECTOR = YES;
				GCC_WARN_UNINITIALIZED_AUTOS = YES_AGGRESSIVE;
				GCC_WARN_UNUSED_FUNCTION = YES;
				GCC_WARN_UNUSED_VARIABLE = YES;
				MACOSX_DEPLOYMENT_TARGET = 10.10;
				MTL_ENABLE_DEBUG_INFO = YES;
				ONLY_ACTIVE_ARCH = YES;
				SDKROOT = macosx;
			};
			name = Debug;
		};
		3BC1E4501AEC98EC0053F87F /* Release */ = {
			isa = XCBuildConfiguration;
			buildSettings = {
				ALWAYS_SEARCH_USER_PATHS = NO;
				CLANG_CXX_LANGUAGE_STANDARD = "gnu++0x";
				CLANG_CXX_LIBRARY = "libc++";
				CLANG_ENABLE_MODULES = YES;
				CLANG_ENABLE_OBJC_ARC = YES;
				CLANG_WARN_BOOL_CONVERSION = YES;
				CLANG_WARN_CONSTANT_CONVERSION = YES;
				CLANG_WARN_DIRECT_OBJC_ISA_USAGE = YES_ERROR;
				CLANG_WARN_EMPTY_BODY = YES;
				CLANG_WARN_ENUM_CONVERSION = YES;
				CLANG_WARN_INT_CONVERSION = YES;
				CLANG_WARN_OBJC_ROOT_CLASS = YES_ERROR;
				CLANG_WARN_UNREACHABLE_CODE = YES;
				CLANG_WARN__DUPLICATE_METHOD_MATCH = YES;
				COPY_PHASE_STRIP = NO;
				DEBUG_INFORMATION_FORMAT = "dwarf-with-dsym";
				ENABLE_NS_ASSERTIONS = NO;
				ENABLE_STRICT_OBJC_MSGSEND = YES;
				GCC_C_LANGUAGE_STANDARD = gnu99;
				GCC_NO_COMMON_BLOCKS = YES;
				GCC_WARN_64_TO_32_BIT_CONVERSION = YES;
				GCC_WARN_ABOUT_RETURN_TYPE = YES_ERROR;
				GCC_WARN_UNDECLARED_SELECTOR = YES;
				GCC_WARN_UNINITIALIZED_AUTOS = YES_AGGRESSIVE;
				GCC_WARN_UNUSED_FUNCTION = YES;
				GCC_WARN_UNUSED_VARIABLE = YES;
				MACOSX_DEPLOYMENT_TARGET = 10.10;
				MTL_ENABLE_DEBUG_INFO = NO;
				SDKROOT = macosx;
			};
			name = Release;
		};
		3BC1E4521AEC98EC0053F87F /* Debug */ = {
			isa = XCBuildConfiguration;
			buildSettings = {
				PRODUCT_NAME = "$(TARGET_NAME)";
			};
			name = Debug;
		};
		3BC1E4531AEC98EC0053F87F /* Release */ = {
			isa = XCBuildConfiguration;
			buildSettings = {
				PRODUCT_NAME = "$(TARGET_NAME)";
			};
			name = Release;
		};
/* End XCBuildConfiguration section */

/* Begin XCConfigurationList section */
		3BC1E4401AEC98EC0053F87F /* Build configuration list for PBXProject "Chap2_2_11" */ = {
			isa = XCConfigurationList;
			buildConfigurations = (
				3BC1E44F1AEC98EC0053F87F /* Debug */,
				3BC1E4501AEC98EC0053F87F /* Release */,
			);
			defaultConfigurationIsVisible = 0;
			defaultConfigurationName = Release;
		};
		3BC1E4511AEC98EC0053F87F /* Build configuration list for PBXNativeTarget "Chap2_2_11" */ = {
			isa = XCConfigurationList;
			buildConfigurations = (
				3BC1E4521AEC98EC0053F87F /* Debug */,
				3BC1E4531AEC98EC0053F87F /* Release */,
			);
			defaultConfigurationIsVisible = 0;
		};
/* End XCConfigurationList section */
	};
	rootObject = 3BC1E43D1AEC98EC0053F87F /* Project object */;
}
