// !$*UTF8*$!
{
	archiveVersion = 1;
	classes = {
	};
	objectVersion = 46;
	objects = {

/* Begin PBXBuildFile section */
		3BA23CBC1AECE976005E300D /* GLUT.framework in Frameworks */ = {isa = PBXBuildFile; fileRef = 3BA23CBB1AECE976005E300D /* GLUT.framework */; };
		3BA23CBE1AECE976005E300D /* OpenGL.framework in Frameworks */ = {isa = PBXBuildFile; fileRef = 3BA23CBD1AECE976005E300D /* OpenGL.framework */; };
		3BA23CC11AECE976005E300D /* main.cpp in Sources */ = {isa = PBXBuildFile; fileRef = 3BA23CC01AECE976005E300D /* main.cpp */; };
/* End PBXBuildFile section */

/* Begin PBXCopyFilesBuildPhase section */
		3BA23CB61AECE976005E300D /* CopyFiles */ = {
			isa = PBXCopyFilesBuildPhase;
			buildActionMask = 2147483647;
			dstPath = /usr/share/man/man1/;
			dstSubfolderSpec = 0;
			files = (
			);
			runOnlyForDeploymentPostprocessing = 1;
		};
/* End PBXCopyFilesBuildPhase section */

/* Begin PBXFileReference section */
		3BA23CB81AECE976005E300D /* Chap2_2.13 */ = {isa = PBXFileReference; explicitFileType = "compiled.mach-o.executable"; includeInIndex = 0; path = Chap2_2.13; sourceTree = BUILT_PRODUCTS_DIR; };
		3BA23CBB1AECE976005E300D /* GLUT.framework */ = {isa = PBXFileReference; lastKnownFileType = wrapper.framework; name = GLUT.framework; path = System/Library/Frameworks/GLUT.framework; sourceTree = SDKROOT; };
		3BA23CBD1AECE976005E300D /* OpenGL.framework */ = {isa = PBXFileReference; lastKnownFileType = wrapper.framework; name = OpenGL.framework; path = System/Library/Frameworks/OpenGL.framework; sourceTree = SDKROOT; };
		3BA23CC01AECE976005E300D /* main.cpp */ = {isa = PBXFileReference; lastKnownFileType = sourcecode.cpp.cpp; path = main.cpp; sourceTree = "<group>"; };
/* End PBXFileReference section */

/* Begin PBXFrameworksBuildPhase section */
		3BA23CB51AECE976005E300D /* Frameworks */ = {
			isa = PBXFrameworksBuildPhase;
			buildActionMask = 2147483647;
			files = (
				3BA23CBC1AECE976005E300D /* GLUT.framework in Frameworks */,
				3BA23CBE1AECE976005E300D /* OpenGL.framework in Frameworks */,
			);
			runOnlyForDeploymentPostprocessing = 0;
		};
/* End PBXFrameworksBuildPhase section */

/* Begin PBXGroup section */
		3BA23CAF1AECE976005E300D = {
			isa = PBXGroup;
			children = (
				3BA23CBF1AECE976005E300D /* Chap2_2.13 */,
				3BA23CBA1AECE976005E300D /* Frameworks */,
				3BA23CB91AECE976005E300D /* Products */,
			);
			sourceTree = "<group>";
		};
		3BA23CB91AECE976005E300D /* Products */ = {
			isa = PBXGroup;
			children = (
				3BA23CB81AECE976005E300D /* Chap2_2.13 */,
			);
			name = Products;
			sourceTree = "<group>";
		};
		3BA23CBA1AECE976005E300D /* Frameworks */ = {
			isa = PBXGroup;
			children = (
				3BA23CBB1AECE976005E300D /* GLUT.framework */,
				3BA23CBD1AECE976005E300D /* OpenGL.framework */,
			);
			name = Frameworks;
			sourceTree = "<group>";
		};
		3BA23CBF1AECE976005E300D /* Chap2_2.13 */ = {
			isa = PBXGroup;
			children = (
				3BA23CC01AECE976005E300D /* main.cpp */,
			);
			path = Chap2_2.13;
			sourceTree = "<group>";
		};
/* End PBXGroup section */

/* Begin PBXNativeTarget section */
		3BA23CB71AECE976005E300D /* Chap2_2.13 */ = {
			isa = PBXNativeTarget;
			buildConfigurationList = 3BA23CC41AECE976005E300D /* Build configuration list for PBXNativeTarget "Chap2_2.13" */;
			buildPhases = (
				3BA23CB41AECE976005E300D /* Sources */,
				3BA23CB51AECE976005E300D /* Frameworks */,
				3BA23CB61AECE976005E300D /* CopyFiles */,
			);
			buildRules = (
			);
			dependencies = (
			);
			name = Chap2_2.13;
			productName = Chap2_2.13;
			productReference = 3BA23CB81AECE976005E300D /* Chap2_2.13 */;
			productType = "com.apple.product-type.tool";
		};
/* End PBXNativeTarget section */

/* Begin PBXProject section */
		3BA23CB01AECE976005E300D /* Project object */ = {
			isa = PBXProject;
			attributes = {
				LastUpgradeCheck = 0630;
				ORGANIZATIONNAME = colin;
				TargetAttributes = {
					3BA23CB71AECE976005E300D = {
						CreatedOnToolsVersion = 6.3.1;
					};
				};
			};
			buildConfigurationList = 3BA23CB31AECE976005E300D /* Build configuration list for PBXProject "Chap2_2.13" */;
			compatibilityVersion = "Xcode 3.2";
			developmentRegion = English;
			hasScannedForEncodings = 0;
			knownRegions = (
				en,
			);
			mainGroup = 3BA23CAF1AECE976005E300D;
			productRefGroup = 3BA23CB91AECE976005E300D /* Products */;
			projectDirPath = "";
			projectRoot = "";
			targets = (
				3BA23CB71AECE976005E300D /* Chap2_2.13 */,
			);
		};
/* End PBXProject section */

/* Begin PBXSourcesBuildPhase section */
		3BA23CB41AECE976005E300D /* Sources */ = {
			isa = PBXSourcesBuildPhase;
			buildActionMask = 2147483647;
			files = (
				3BA23CC11AECE976005E300D /* main.cpp in Sources */,
			);
			runOnlyForDeploymentPostprocessing = 0;
		};
/* End PBXSourcesBuildPhase section */

/* Begin XCBuildConfiguration section */
		3BA23CC21AECE976005E300D /* Debug */ = {
			isa = XCBuildConfiguration;
			buildSettings = {
				ALWAYS_SEARCH_USER_PATHS = NO;
				CLANG_CXX_LANGUAGE_STANDARD = "gnu++0x";
				CLANG_CXX_LIBRARY = "libc++";
				CLANG_ENABLE_MODULES = YES;
				CLANG_ENABLE_OBJC_ARC = YES;
				CLANG_WARN_BOOL_CONVERSION = YES;
				CLANG_WARN_CONSTANT_CONVERSION = YES;
				CLANG_WARN_DIRECT_OBJC_ISA_USAGE = YES_ERROR;
				CLANG_WARN_EMPTY_BODY = YES;
				CLANG_WARN_ENUM_CONVERSION = YES;
				CLANG_WARN_INT_CONVERSION = YES;
				CLANG_WARN_OBJC_ROOT_CLASS = YES_ERROR;
				CLANG_WARN_UNREACHABLE_CODE = YES;
				CLANG_WARN__DUPLICATE_METHOD_MATCH = YES;
				COPY_PHASE_STRIP = NO;
				DEBUG_INFORMATION_FORMAT = dwarf;
				ENABLE_STRICT_OBJC_MSGSEND = YES;
				GCC_C_LANGUAGE_STANDARD = gnu99;
				GCC_DYNAMIC_NO_PIC = NO;
				GCC_NO_COMMON_BLOCKS = YES;
				GCC_OPTIMIZATION_LEVEL = 0;
				GCC_PREPROCESSOR_DEFINITIONS = (
					"DEBUG=1",
					"$(inherited)",
				);
				GCC_SYMBOLS_PRIVATE_EXTERN = NO;
				GCC_WARN_64_TO_32_BIT_CONVERSION = YES;
				GCC_WARN_ABOUT_RETURN_TYPE = YES_ERROR;
				GCC_WARN_UNDECLARED_SELECTOR = YES;
				GCC_WARN_UNINITIALIZED_AUTOS = YES_AGGRESSIVE;
				GCC_WARN_UNUSED_FUNCTION = YES;
				GCC_WARN_UNUSED_VARIABLE = YES;
				MACOSX_DEPLOYMENT_TARGET = 10.10;
				MTL_ENABLE_DEBUG_INFO = YES;
				ONLY_ACTIVE_ARCH = YES;
				SDKROOT = macosx;
			};
			name = Debug;
		};
		3BA23CC31AECE976005E300D /* Release */ = {
			isa = XCBuildConfiguration;
			buildSettings = {
				ALWAYS_SEARCH_USER_PATHS = NO;
				CLANG_CXX_LANGUAGE_STANDARD = "gnu++0x";
				CLANG_CXX_LIBRARY = "libc++";
				CLANG_ENABLE_MODULES = YES;
				CLANG_ENABLE_OBJC_ARC = YES;
				CLANG_WARN_BOOL_CONVERSION = YES;
				CLANG_WARN_CONSTANT_CONVERSION = YES;
				CLANG_WARN_DIRECT_OBJC_ISA_USAGE = YES_ERROR;
				CLANG_WARN_EMPTY_BODY = YES;
				CLANG_WARN_ENUM_CONVERSION = YES;
				CLANG_WARN_INT_CONVERSION = YES;
				CLANG_WARN_OBJC_ROOT_CLASS = YES_ERROR;
				CLANG_WARN_UNREACHABLE_CODE = YES;
				CLANG_WARN__DUPLICATE_METHOD_MATCH = YES;
				COPY_PHASE_STRIP = NO;
				DEBUG_INFORMATION_FORMAT = "dwarf-with-dsym";
				ENABLE_NS_ASSERTIONS = NO;
				ENABLE_STRICT_OBJC_MSGSEND = YES;
				GCC_C_LANGUAGE_STANDARD = gnu99;
				GCC_NO_COMMON_BLOCKS = YES;
				GCC_WARN_64_TO_32_BIT_CONVERSION = YES;
				GCC_WARN_ABOUT_RETURN_TYPE = YES_ERROR;
				GCC_WARN_UNDECLARED_SELECTOR = YES;
				GCC_WARN_UNINITIALIZED_AUTOS = YES_AGGRESSIVE;
				GCC_WARN_UNUSED_FUNCTION = YES;
				GCC_WARN_UNUSED_VARIABLE = YES;
				MACOSX_DEPLOYMENT_TARGET = 10.10;
				MTL_ENABLE_DEBUG_INFO = NO;
				SDKROOT = macosx;
			};
			name = Release;
		};
		3BA23CC51AECE976005E300D /* Debug */ = {
			isa = XCBuildConfiguration;
			buildSettings = {
				PRODUCT_NAME = "$(TARGET_NAME)";
			};
			name = Debug;
		};
		3BA23CC61AECE976005E300D /* Release */ = {
			isa = XCBuildConfiguration;
			buildSettings = {
				PRODUCT_NAME = "$(TARGET_NAME)";
			};
			name = Release;
		};
/* End XCBuildConfiguration section */

/* Begin XCConfigurationList section */
		3BA23CB31AECE976005E300D /* Build configuration list for PBXProject "Chap2_2.13" */ = {
			isa = XCConfigurationList;
			buildConfigurations = (
				3BA23CC21AECE976005E300D /* Debug */,
				3BA23CC31AECE976005E300D /* Release */,
			);
			defaultConfigurationIsVisible = 0;
			defaultConfigurationName = Release;
		};
		3BA23CC41AECE976005E300D /* Build configuration list for PBXNativeTarget "Chap2_2.13" */ = {
			isa = XCConfigurationList;
			buildConfigurations = (
				3BA23CC51AECE976005E300D /* Debug */,
				3BA23CC61AECE976005E300D /* Release */,
			);
			defaultConfigurationIsVisible = 0;
		};
/* End XCConfigurationList section */
	};
	rootObject = 3BA23CB01AECE976005E300D /* Project object */;
}
